
Microsoft Visual Studio Solution File, Format Version 12.00
# Visual Studio Version 17
VisualStudioVersion = 17.4.33213.308
MinimumVisualStudioVersion = 10.0.40219.1
Project("{FAE04EC0-301F-11D3-BF4B-00C04F79EFBC}") = "HockeyManager_namespace", "HockeyManager_namespace.csproj", "{CDB40339-E077-4E8D-99F0-50CBA7FC86DA}"
EndProject
Global
	GlobalSection(SolutionConfigurationPlatforms) = preSolution
		Debug|Any CPU = Debug|Any CPU
		Release|Any CPU = Release|Any CPU
	EndGlobalSection
	GlobalSection(ProjectConfigurationPlatforms) = postSolution
		{CDB40339-E077-4E8D-99F0-50CBA7FC86DA}.Debug|Any CPU.ActiveCfg = Debug|Any CPU
		{CDB40339-E077-4E8D-99F0-50CBA7FC86DA}.Debug|Any CPU.Build.0 = Debug|Any CPU
		{CDB40339-E077-4E8D-99F0-50CBA7FC86DA}.Release|Any CPU.ActiveCfg = Release|Any CPU
		{CDB40339-E077-4E8D-99F0-50CBA7FC86DA}.Release|Any CPU.Build.0 = Release|Any CPU
	EndGlobalSection
	GlobalSection(SolutionProperties) = preSolution
		HideSolutionNode = FALSE
	EndGlobalSection
	GlobalSection(ExtensibilityGlobals) = postSolution
		SolutionGuid = {D796AD8A-AAF6-4599-9249-AB0F57AB1ACF}
	EndGlobalSection
EndGlobal
